
Microsoft Visual Studio Solution File, Format Version 12.00
# Visual Studio Version 17
VisualStudioVersion = 17.6.33815.320
MinimumVisualStudioVersion = 10.0.40219.1
Project("{888888A0-9F3D-457C-B088-3A5042F75D52}") = "NLP project dataset", "NLP project dataset\NLP project dataset.pyproj", "{298885BC-EADF-4BBF-A653-C18C218F3F73}"
EndProject
Global
	GlobalSection(SolutionConfigurationPlatforms) = preSolution
		Debug|Any CPU = Debug|Any CPU
		Release|Any CPU = Release|Any CPU
	EndGlobalSection
	GlobalSection(ProjectConfigurationPlatforms) = postSolution
		{298885BC-EADF-4BBF-A653-C18C218F3F73}.Debug|Any CPU.ActiveCfg = Debug|Any CPU
		{298885BC-EADF-4BBF-A653-C18C218F3F73}.Release|Any CPU.ActiveCfg = Release|Any CPU
	EndGlobalSection
	GlobalSection(SolutionProperties) = preSolution
		HideSolutionNode = FALSE
	EndGlobalSection
	GlobalSection(ExtensibilityGlobals) = postSolution
		SolutionGuid = {53A2782E-0FD3-4DF1-A381-261B7C0F359A}
	EndGlobalSection
EndGlobal
